
Microsoft Visual Studio Solution File, Format Version 11.00
# Visual Studio 2010
Project("{FAE04EC0-301F-11D3-BF4B-00C04F79EFBC}") = "MvcAppDinner", "MvcAppDinner\MvcAppDinner.csproj", "{DBE41CE2-0A4F-43F1-B512-FD6675871710}"
EndProject
Global
	GlobalSection(SolutionConfigurationPlatforms) = preSolution
		Debug|Any CPU = Debug|Any CPU
		Release|Any CPU = Release|Any CPU
	EndGlobalSection
	GlobalSection(ProjectConfigurationPlatforms) = postSolution
		{DBE41CE2-0A4F-43F1-B512-FD6675871710}.Debug|Any CPU.ActiveCfg = Debug|Any CPU
		{DBE41CE2-0A4F-43F1-B512-FD6675871710}.Debug|Any CPU.Build.0 = Debug|Any CPU
		{DBE41CE2-0A4F-43F1-B512-FD6675871710}.Release|Any CPU.ActiveCfg = Release|Any CPU
		{DBE41CE2-0A4F-43F1-B512-FD6675871710}.Release|Any CPU.Build.0 = Release|Any CPU
	EndGlobalSection
	GlobalSection(SolutionProperties) = preSolution
		HideSolutionNode = FALSE
	EndGlobalSection
EndGlobal
